
Microsoft Visual Studio Solution File, Format Version 12.00
# Visual Studio 15
VisualStudioVersion = 15.0.27428.2027
MinimumVisualStudioVersion = 10.0.40219.1
Project("{FAE04EC0-301F-11D3-BF4B-00C04F79EFBC}") = "GM-Console", "GM-Console\GM-Console.csproj", "{933885F5-8039-4443-B281-849534E8D5F1}"
EndProject
Global
	GlobalSection(SolutionConfigurationPlatforms) = preSolution
		Debug|Any CPU = Debug|Any CPU
		Release|Any CPU = Release|Any CPU
	EndGlobalSection
	GlobalSection(ProjectConfigurationPlatforms) = postSolution
		{933885F5-8039-4443-B281-849534E8D5F1}.Debug|Any CPU.ActiveCfg = Debug|Any CPU
		{933885F5-8039-4443-B281-849534E8D5F1}.Debug|Any CPU.Build.0 = Debug|Any CPU
		{933885F5-8039-4443-B281-849534E8D5F1}.Release|Any CPU.ActiveCfg = Release|Any CPU
		{933885F5-8039-4443-B281-849534E8D5F1}.Release|Any CPU.Build.0 = Release|Any CPU
	EndGlobalSection
	GlobalSection(SolutionProperties) = preSolution
		HideSolutionNode = FALSE
	EndGlobalSection
	GlobalSection(ExtensibilityGlobals) = postSolution
		SolutionGuid = {640BF258-F260-4259-9790-F66507BBF52F}
	EndGlobalSection
EndGlobal
